<?xml version="1.0" encoding="utf-8"?>
<Project ToolsVersion="4.0" xmlns="http://schemas.microsoft.com/developer/msbuild/2003">
  <ItemGroup>
    <Filter Include="소스 파일">
      <UniqueIdentifier>{4FC737F1-C7A5-4376-A066-2A32D752A2FF}</UniqueIdentifier>
      <Extensions>cpp;c;cc;cxx;c++;cppm;ixx;def;odl;idl;hpj;bat;asm;asmx</Extensions>
    </Filter>
    <Filter Include="헤더 파일">
      <UniqueIdentifier>{93995380-89BD-4b04-88EB-625FBE52EBFB}</UniqueIdentifier>
      <Extensions>h;hh;hpp;hxx;h++;hm;inl;inc;ipp;xsd</Extensions>
    </Filter>
    <Filter Include="리소스 파일">
      <UniqueIdentifier>{67DA6AB6-F800-4c08-8B7A-83BB121AAD01}</UniqueIdentifier>
      <Extensions>rc;ico;cur;bmp;dlg;rc2;rct;bin;rgs;gif;jpg;jpeg;jpe;resx;tiff;tif;png;wav;mfcribbon-ms</Extensions>
    </Filter>
  </ItemGroup>
  <ItemGroup>
    <ClCompile Include="practice_bracket.c">
      <Filter>소스 파일</Filter>
    </ClCompile>
    <ClCompile Include="judge_bracket.c">
      <Filter>소스 파일</Filter>
    </ClCompile>
    <ClCompile Include="switch_variable_in_case.c">
      <Filter>소스 파일</Filter>
    </ClCompile>
    <ClCompile Include="practice_switch.c">
      <Filter>소스 파일</Filter>
    </ClCompile>
    <ClCompile Include="judge_switch_vending_machine.c">
      <Filter>소스 파일</Filter>
    </ClCompile>
    <ClCompile Include="for_multiple_variable.c">
      <Filter>소스 파일</Filter>
    </ClCompile>
    <ClCompile Include="practice_for_multiple_variable.c">
      <Filter>소스 파일</Filter>
    </ClCompile>
    <ClCompile Include="for_print_alphabet_orderly.c">
      <Filter>소스 파일</Filter>
    </ClCompile>
    <ClCompile Include="practice_while.c">
      <Filter>소스 파일</Filter>
    </ClCompile>
    <ClCompile Include="judge_transportation_card_balance.c">
      <Filter>소스 파일</Filter>
    </ClCompile>
    <ClCompile Include="practice_do_while.c">
      <Filter>소스 파일</Filter>
    </ClCompile>
    <ClCompile Include="judge_do_while_sum.c">
      <Filter>소스 파일</Filter>
    </ClCompile>
    <ClCompile Include="break_while.c">
      <Filter>소스 파일</Filter>
    </ClCompile>
    <ClCompile Include="break_for.c">
      <Filter>소스 파일</Filter>
    </ClCompile>
    <ClCompile Include="continue_for.c">
      <Filter>소스 파일</Filter>
    </ClCompile>
    <ClCompile Include="continue_while.c">
      <Filter>소스 파일</Filter>
    </ClCompile>
    <ClCompile Include="break_scanf.c">
      <Filter>소스 파일</Filter>
    </ClCompile>
    <ClCompile Include="continue_even.c">
      <Filter>소스 파일</Filter>
    </ClCompile>
    <ClCompile Include="practice_number_ending_3.c">
      <Filter>소스 파일</Filter>
    </ClCompile>
    <ClCompile Include="judge_exclude_number_ending_7.c">
      <Filter>소스 파일</Filter>
    </ClCompile>
    <ClCompile Include="multiple_loop.c">
      <Filter>소스 파일</Filter>
    </ClCompile>
    <ClCompile Include="star_square.c">
      <Filter>소스 파일</Filter>
    </ClCompile>
    <ClCompile Include="star_rectangle.c">
      <Filter>소스 파일</Filter>
    </ClCompile>
    <ClCompile Include="star_triangle.c">
      <Filter>소스 파일</Filter>
    </ClCompile>
    <ClCompile Include="star_diagonal.c">
      <Filter>소스 파일</Filter>
    </ClCompile>
    <ClCompile Include="practice_star_inverted_triangle.c">
      <Filter>소스 파일</Filter>
    </ClCompile>
    <ClCompile Include="judge_star_mountain.c">
      <Filter>소스 파일</Filter>
    </ClCompile>
  </ItemGroup>
</Project>