<?xml version="1.0" encoding="utf-8"?>
<Project ToolsVersion="4.0" xmlns="http://schemas.microsoft.com/developer/msbuild/2003">
  <ItemGroup>
    <Filter Include="소스 파일">
      <UniqueIdentifier>{4FC737F1-C7A5-4376-A066-2A32D752A2FF}</UniqueIdentifier>
      <Extensions>cpp;c;cc;cxx;c++;cppm;ixx;def;odl;idl;hpj;bat;asm;asmx</Extensions>
    </Filter>
    <Filter Include="헤더 파일">
      <UniqueIdentifier>{93995380-89BD-4b04-88EB-625FBE52EBFB}</UniqueIdentifier>
      <Extensions>h;hh;hpp;hxx;h++;hm;inl;inc;ipp;xsd</Extensions>
    </Filter>
    <Filter Include="리소스 파일">
      <UniqueIdentifier>{67DA6AB6-F800-4c08-8B7A-83BB121AAD01}</UniqueIdentifier>
      <Extensions>rc;ico;cur;bmp;dlg;rc2;rct;bin;rgs;gif;jpg;jpeg;jpe;resx;tiff;tif;png;wav;mfcribbon-ms</Extensions>
    </Filter>
  </ItemGroup>
  <ItemGroup>
    <ClCompile Include="string_pointer.c">
      <Filter>소스 파일</Filter>
    </ClCompile>
    <ClCompile Include="string_pointer_element.c">
      <Filter>소스 파일</Filter>
    </ClCompile>
    <ClCompile Include="practice_string.c">
      <Filter>소스 파일</Filter>
    </ClCompile>
    <ClCompile Include="practice_string_array_element.c">
      <Filter>소스 파일</Filter>
    </ClCompile>
    <ClCompile Include="judge_string.c">
      <Filter>소스 파일</Filter>
    </ClCompile>
    <ClCompile Include="scanf_string_array.c">
      <Filter>소스 파일</Filter>
    </ClCompile>
    <ClCompile Include="scanf_string_with_space.c">
      <Filter>소스 파일</Filter>
    </ClCompile>
    <ClCompile Include="scanf_string_pointer_memory.c">
      <Filter>소스 파일</Filter>
    </ClCompile>
    <ClCompile Include="scanf_two_string_array.c">
      <Filter>소스 파일</Filter>
    </ClCompile>
    <ClCompile Include="practice_scanf_string_array.c">
      <Filter>소스 파일</Filter>
    </ClCompile>
    <ClCompile Include="practice_scanf_string_pointer_memory.c">
      <Filter>소스 파일</Filter>
    </ClCompile>
    <ClCompile Include="practice_scanf_three_string_pointer_memory.c">
      <Filter>소스 파일</Filter>
    </ClCompile>
    <ClCompile Include="practice_scanf_four_string_pointer_memory.c">
      <Filter>소스 파일</Filter>
    </ClCompile>
    <ClCompile Include="string_length.c">
      <Filter>소스 파일</Filter>
    </ClCompile>
    <ClCompile Include="string_compare.c">
      <Filter>소스 파일</Filter>
    </ClCompile>
    <ClCompile Include="practice_string_length.c">
      <Filter>소스 파일</Filter>
    </ClCompile>
    <ClCompile Include="practice_string_compare.c">
      <Filter>소스 파일</Filter>
    </ClCompile>
    <ClCompile Include="judge_string_length.c">
      <Filter>소스 파일</Filter>
    </ClCompile>
    <ClCompile Include="judge_string_compare.c">
      <Filter>소스 파일</Filter>
    </ClCompile>
    <ClCompile Include="string_copy_array_to_array.c">
      <Filter>소스 파일</Filter>
    </ClCompile>
    <ClCompile Include="string_copy_pointer_to_memory.c">
      <Filter>소스 파일</Filter>
    </ClCompile>
    <ClCompile Include="string_concatenate_array_to_array.c">
      <Filter>소스 파일</Filter>
    </ClCompile>
    <ClCompile Include="string_concatenate_pointer_to_memory.c">
      <Filter>소스 파일</Filter>
    </ClCompile>
    <ClCompile Include="string_copy_array_to_memory.c">
      <Filter>소스 파일</Filter>
    </ClCompile>
    <ClCompile Include="string_concatenate_array_to_memory.c">
      <Filter>소스 파일</Filter>
    </ClCompile>
    <ClCompile Include="practice_string_copy_pointer_to_array.c">
      <Filter>소스 파일</Filter>
    </ClCompile>
    <ClCompile Include="practice_string_pointer_to_memory.c">
      <Filter>소스 파일</Filter>
    </ClCompile>
    <ClCompile Include="practice_string_concatenate_array_to_array.c">
      <Filter>소스 파일</Filter>
    </ClCompile>
    <ClCompile Include="practice_string_concatenate_pointer_to_memory.c">
      <Filter>소스 파일</Filter>
    </ClCompile>
    <ClCompile Include="judge_string_copy_array_to_array.c">
      <Filter>소스 파일</Filter>
    </ClCompile>
    <ClCompile Include="judge_string_concatenate.c">
      <Filter>소스 파일</Filter>
    </ClCompile>
    <ClCompile Include="string_format_array.c">
      <Filter>소스 파일</Filter>
    </ClCompile>
    <ClCompile Include="string_format_char_int_float_array.c">
      <Filter>소스 파일</Filter>
    </ClCompile>
    <ClCompile Include="string_format_memory.c">
      <Filter>소스 파일</Filter>
    </ClCompile>
    <ClCompile Include="string_format_char_int_float_memory.c">
      <Filter>소스 파일</Filter>
    </ClCompile>
    <ClCompile Include="practice_string_format_array.c">
      <Filter>소스 파일</Filter>
    </ClCompile>
    <ClCompile Include="practice_string_format_int_char_array.c">
      <Filter>소스 파일</Filter>
    </ClCompile>
    <ClCompile Include="judge_string_format_ordinal.c">
      <Filter>소스 파일</Filter>
    </ClCompile>
    <ClCompile Include="string_find_character.c">
      <Filter>소스 파일</Filter>
    </ClCompile>
    <ClCompile Include="string_find_from_the_right_character.c">
      <Filter>소스 파일</Filter>
    </ClCompile>
    <ClCompile Include="string_find_string.c">
      <Filter>소스 파일</Filter>
    </ClCompile>
    <ClCompile Include="string_find_string_while.c">
      <Filter>소스 파일</Filter>
    </ClCompile>
    <ClCompile Include="practice_string_find_character.c">
      <Filter>소스 파일</Filter>
    </ClCompile>
    <ClCompile Include="practice_string_find_from_the_right_character.c">
      <Filter>소스 파일</Filter>
    </ClCompile>
    <ClCompile Include="judge_count_space.c">
      <Filter>소스 파일</Filter>
    </ClCompile>
    <ClCompile Include="string_tokenize_array.c">
      <Filter>소스 파일</Filter>
    </ClCompile>
    <ClCompile Include="string_tokenize_memory.c">
      <Filter>소스 파일</Filter>
    </ClCompile>
    <ClCompile Include="string_tokenize_timestamp.c">
      <Filter>소스 파일</Filter>
    </ClCompile>
    <ClCompile Include="string_tokenize_store_array.c">
      <Filter>소스 파일</Filter>
    </ClCompile>
    <ClCompile Include="practice_string_tokenize_array.c">
      <Filter>소스 파일</Filter>
    </ClCompile>
    <ClCompile Include="judge_tokenize_string.c">
      <Filter>소스 파일</Filter>
    </ClCompile>
    <ClCompile Include="UNSOLVED_judge_count_specified_word.c">
      <Filter>소스 파일</Filter>
    </ClCompile>
    <ClCompile Include="ascii_string_to_integer.c">
      <Filter>소스 파일</Filter>
    </ClCompile>
    <ClCompile Include="string_to_long.c">
      <Filter>소스 파일</Filter>
    </ClCompile>
    <ClCompile Include="string_to_long_multiple_integers.c">
      <Filter>소스 파일</Filter>
    </ClCompile>
    <ClCompile Include="ascii_string_to_float.c">
      <Filter>소스 파일</Filter>
    </ClCompile>
    <ClCompile Include="ascii_string_exponential_notation_to_float.c">
      <Filter>소스 파일</Filter>
    </ClCompile>
    <ClCompile Include="string_to_float_multiple_real_numbers.c">
      <Filter>소스 파일</Filter>
    </ClCompile>
    <ClCompile Include="interger_to_string.c">
      <Filter>소스 파일</Filter>
    </ClCompile>
    <ClCompile Include="integer_to_hex_string.c">
      <Filter>소스 파일</Filter>
    </ClCompile>
    <ClCompile Include="real_number_to_string.c">
      <Filter>소스 파일</Filter>
    </ClCompile>
    <ClCompile Include="real_number_to_exponential_notation_string.c">
      <Filter>소스 파일</Filter>
    </ClCompile>
    <ClCompile Include="practice_ascii_string_to_integer.c">
      <Filter>소스 파일</Filter>
    </ClCompile>
    <ClCompile Include="practice_string_to_hex_string.c">
      <Filter>소스 파일</Filter>
    </ClCompile>
    <ClCompile Include="practice_ascii_string_to_float.c">
      <Filter>소스 파일</Filter>
    </ClCompile>
    <ClCompile Include="practice_string_to_float_multiple_real_number.c">
      <Filter>소스 파일</Filter>
    </ClCompile>
    <ClCompile Include="practice_integers_to_string.c">
      <Filter>소스 파일</Filter>
    </ClCompile>
    <ClCompile Include="judge_string_to_multiple_integers_real_number.c">
      <Filter>소스 파일</Filter>
    </ClCompile>
    <ClCompile Include="judge_integer_real_number_to_string.c">
      <Filter>소스 파일</Filter>
    </ClCompile>
  </ItemGroup>
</Project>