
Microsoft Visual Studio Solution File, Format Version 12.00
# Visual Studio Version 16
VisualStudioVersion = 16.0.31515.178
MinimumVisualStudioVersion = 10.0.40219.1
Project("{8BC9CEB8-8B4A-11D0-8D11-00A0C91BC942}") = "Unit39-46", "Unit39-46\Unit39-46.vcxproj", "{44ED0518-7ACB-435B-9624-9AE7FD337F25}"
EndProject
Global
	GlobalSection(SolutionConfigurationPlatforms) = preSolution
		Debug|x64 = Debug|x64
		Debug|x86 = Debug|x86
		Release|x64 = Release|x64
		Release|x86 = Release|x86
	EndGlobalSection
	GlobalSection(ProjectConfigurationPlatforms) = postSolution
		{44ED0518-7ACB-435B-9624-9AE7FD337F25}.Debug|x64.ActiveCfg = Debug|x64
		{44ED0518-7ACB-435B-9624-9AE7FD337F25}.Debug|x64.Build.0 = Debug|x64
		{44ED0518-7ACB-435B-9624-9AE7FD337F25}.Debug|x86.ActiveCfg = Debug|Win32
		{44ED0518-7ACB-435B-9624-9AE7FD337F25}.Debug|x86.Build.0 = Debug|Win32
		{44ED0518-7ACB-435B-9624-9AE7FD337F25}.Release|x64.ActiveCfg = Release|x64
		{44ED0518-7ACB-435B-9624-9AE7FD337F25}.Release|x64.Build.0 = Release|x64
		{44ED0518-7ACB-435B-9624-9AE7FD337F25}.Release|x86.ActiveCfg = Release|Win32
		{44ED0518-7ACB-435B-9624-9AE7FD337F25}.Release|x86.Build.0 = Release|Win32
	EndGlobalSection
	GlobalSection(SolutionProperties) = preSolution
		HideSolutionNode = FALSE
	EndGlobalSection
	GlobalSection(ExtensibilityGlobals) = postSolution
		SolutionGuid = {C15F2D1D-E272-4A2F-BE91-064DC87D7370}
	EndGlobalSection
EndGlobal
